
Microsoft Visual Studio Solution File, Format Version 12.00
# Visual Studio 15
Project("{FAE04EC0-301F-11D3-BF4B-00C04F79EFBC}") = "zadacha6", "zadacha6\zadacha6.csproj", "{2D37FE05-9914-44D7-B63C-D870D07CECF5}"
EndProject
Global
	GlobalSection(SolutionConfigurationPlatforms) = preSolution
		Debug|x86 = Debug|x86
		Release|x86 = Release|x86
	EndGlobalSection
	GlobalSection(ProjectConfigurationPlatforms) = postSolution
		{2D37FE05-9914-44D7-B63C-D870D07CECF5}.Debug|x86.ActiveCfg = Debug|x86
		{2D37FE05-9914-44D7-B63C-D870D07CECF5}.Debug|x86.Build.0 = Debug|x86
		{2D37FE05-9914-44D7-B63C-D870D07CECF5}.Release|x86.ActiveCfg = Release|x86
		{2D37FE05-9914-44D7-B63C-D870D07CECF5}.Release|x86.Build.0 = Release|x86
	EndGlobalSection
EndGlobal
